lockfileVersion: '9.0'

settings:
  autoInstallPeers: true
  excludeLinksFromLockfile: false

importers:

  .:
    devDependencies:
      '@biomejs/biome':
        specifier: 2.4.2
        version: 2.4.2
      '@zeroopensource/zero-cli':
        specifier: latest
        version: 0.0.6
      turbo:
        specifier: ^2.5.4
        version: 2.9.7
      ultracite:
        specifier: 7.2.3
        version: 7.2.3
      vite:
        specifier: ^5.4.2
        version: 5.4.21

packages:

  '@biomejs/biome@2.4.2':
    resolution: {integrity: sha512-vVE/FqLxNLbvYnFDYg3Xfrh1UdFhmPT5i+yPT9GE2nTUgI4rkqo5krw5wK19YHBd7aE7J6r91RRmb8RWwkjy6w==}
    engines: {node: '>=14.21.3'}
    hasBin: true

  '@biomejs/cli-darwin-arm64@2.4.2':
    resolution: {integrity: sha512-3pEcKCP/1POKyaZZhXcxFl3+d9njmeAihZ17k8lL/1vk+6e0Cbf0yPzKItFiT+5Yh6TQA4uKvnlqe0oVZwRxCA==}
    engines: {node: '>=14.21.3'}
    cpu: [arm64]
    os: [darwin]

  '@biomejs/cli-darwin-x64@2.4.2':
    resolution: {integrity: sha512-P7hK1jLVny+0R9UwyGcECxO6sjETxfPyBm/1dmFjnDOHgdDPjPqozByunrwh4xPKld8sxOr5eAsSqal5uKgeBg==}
    engines: {node: '>=14.21.3'}
    cpu: [x64]
    os: [darwin]

  '@biomejs/cli-linux-arm64-musl@2.4.2':
    resolution: {integrity: sha512-/x04YK9+7erw6tYEcJv9WXoBHcULI/wMOvNdAyE9S3JStZZ9yJyV67sWAI+90UHuDo/BDhq0d96LDqGlSVv7WA==}
    engines: {node: '>=14.21.3'}
    cpu: [arm64]
    os: [linux]
    libc: [musl]

  '@biomejs/cli-linux-arm64@2.4.2':
    resolution: {integrity: sha512-DI3Mi7GT2zYNgUTDEbSjl3e1KhoP76OjQdm8JpvZYZWtVDRyLd3w8llSr2TWk1z+U3P44kUBWY3X7H9MD1/DGQ==}
    engines: {node: '>=14.21.3'}
    cpu: [arm64]
    os: [linux]
    libc: [glibc]

  '@biomejs/cli-linux-x64-musl@2.4.2':
    resolution: {integrity: sha512-wbBmTkeAoAYbOQ33f6sfKG7pcRSydQiF+dTYOBjJsnXO2mWEOQHllKlC2YVnedqZFERp2WZhFUoO7TNRwnwEHQ==}
    engines: {node: '>=14.21.3'}
    cpu: [x64]
    os: [linux]
    libc: [musl]

  '@biomejs/cli-linux-x64@2.4.2':
    resolution: {integrity: sha512-GK2ErnrKpWFigYP68cXiCHK4RTL4IUWhK92AFS3U28X/nuAL5+hTuy6hyobc8JZRSt+upXt1nXChK+tuHHx4mA==}
    engines: {node: '>=14.21.3'}
    cpu: [x64]
    os: [linux]
    libc: [glibc]

  '@biomejs/cli-win32-arm64@2.4.2':
    resolution: {integrity: sha512-k2uqwLYrNNxnaoiW3RJxoMGnbKda8FuCmtYG3cOtVljs3CzWxaTR+AoXwKGHscC9thax9R4kOrtWqWN0+KdPTw==}
    engines: {node: '>=14.21.3'}
    cpu: [arm64]
    os: [win32]

  '@biomejs/cli-win32-x64@2.4.2':
    resolution: {integrity: sha512-9ma7C4g8Sq3cBlRJD2yrsHXB1mnnEBdpy7PhvFrylQWQb4PoyCmPucdX7frvsSBQuFtIiKCrolPl/8tCZrKvgQ==}
    engines: {node: '>=14.21.3'}
    cpu: [x64]
    os: [win32]

  '@clack/core@1.3.0':
    resolution: {integrity: sha512-xJPHpAmEQUBrXSLx0gF+q5K/IyihXpsHZcha+jB+tyahsKRK3Dxo4D0coZDewHo12NhiuzC3dTtMPbm53GEAAA==}
    engines: {node: '>= 20.12.0'}

  '@clack/prompts@1.3.0':
    resolution: {integrity: sha512-GgcWwRCs/xPtaqlMy8qRhPnZf9vlWcWZNHAitnVQ3yk7JmSralSiq5q07yaffYE8SogtDm7zFeKccx1QNVARpw==}
    engines: {node: '>= 20.12.0'}

  '@esbuild/aix-ppc64@0.21.5':
    resolution: {integrity: sha512-1SDgH6ZSPTlggy1yI6+Dbkiz8xzpHJEVAlF/AM1tHPLsf5STom9rwtjE4hKAF20FfXXNTFqEYXyJNWh1GiZedQ==}
    engines: {node: '>=12'}
    cpu: [ppc64]
    os: [aix]

  '@esbuild/aix-ppc64@0.27.7':
    resolution: {integrity: sha512-EKX3Qwmhz1eMdEJokhALr0YiD0lhQNwDqkPYyPhiSwKrh7/4KRjQc04sZ8db+5DVVnZ1LmbNDI1uAMPEUBnQPg==}
    engines: {node: '>=18'}
    cpu: [ppc64]
    os: [aix]

  '@esbuild/android-arm64@0.21.5':
    resolution: {integrity: sha512-c0uX9VAUBQ7dTDCjq+wdyGLowMdtR/GoC2U5IYk/7D1H1JYC0qseD7+11iMP2mRLN9RcCMRcjC4YMclCzGwS/A==}
    engines: {node: '>=12'}
    cpu: [arm64]
    os: [android]

  '@esbuild/android-arm64@0.27.7':
    resolution: {integrity: sha512-62dPZHpIXzvChfvfLJow3q5dDtiNMkwiRzPylSCfriLvZeq0a1bWChrGx/BbUbPwOrsWKMn8idSllklzBy+dgQ==}
    engines: {node: '>=18'}
    cpu: [arm64]
    os: [android]

  '@esbuild/android-arm@0.21.5':
    resolution: {integrity: sha512-vCPvzSjpPHEi1siZdlvAlsPxXl7WbOVUBBAowWug4rJHb68Ox8KualB+1ocNvT5fjv6wpkX6o/iEpbDrf68zcg==}
    engines: {node: '>=12'}
    cpu: [arm]
    os: [android]

  '@esbuild/android-arm@0.27.7':
    resolution: {integrity: sha512-jbPXvB4Yj2yBV7HUfE2KHe4GJX51QplCN1pGbYjvsyCZbQmies29EoJbkEc+vYuU5o45AfQn37vZlyXy4YJ8RQ==}
    engines: {node: '>=18'}
    cpu: [arm]
    os: [android]

  '@esbuild/android-x64@0.21.5':
    resolution: {integrity: sha512-D7aPRUUNHRBwHxzxRvp856rjUHRFW1SdQATKXH2hqA0kAZb1hKmi02OpYRacl0TxIGz/ZmXWlbZgjwWYaCakTA==}
    engines: {node: '>=12'}
    cpu: [x64]
    os: [android]

  '@esbuild/android-x64@0.27.7':
    resolution: {integrity: sha512-x5VpMODneVDb70PYV2VQOmIUUiBtY3D3mPBG8NxVk5CogneYhkR7MmM3yR/uMdITLrC1ml/NV1rj4bMJuy9MCg==}
    engines: {node: '>=18'}
    cpu: [x64]
    os: [android]

  '@esbuild/darwin-arm64@0.21.5':
    resolution: {integrity: sha512-DwqXqZyuk5AiWWf3UfLiRDJ5EDd49zg6O9wclZ7kUMv2WRFr4HKjXp/5t8JZ11QbQfUS6/cRCKGwYhtNAY88kQ==}
    engines: {node: '>=12'}
    cpu: [arm64]
    os: [darwin]

  '@esbuild/darwin-arm64@0.27.7':
    resolution: {integrity: sha512-5lckdqeuBPlKUwvoCXIgI2D9/ABmPq3Rdp7IfL70393YgaASt7tbju3Ac+ePVi3KDH6N2RqePfHnXkaDtY9fkw==}
    engines: {node: '>=18'}
    cpu: [arm64]
    os: [darwin]

  '@esbuild/darwin-x64@0.21.5':
    resolution: {integrity: sha512-se/JjF8NlmKVG4kNIuyWMV/22ZaerB+qaSi5MdrXtd6R08kvs2qCN4C09miupktDitvh8jRFflwGFBQcxZRjbw==}
    engines: {node: '>=12'}
    cpu: [x64]
    os: [darwin]

  '@esbuild/darwin-x64@0.27.7':
    resolution: {integrity: sha512-rYnXrKcXuT7Z+WL5K980jVFdvVKhCHhUwid+dDYQpH+qu+TefcomiMAJpIiC2EM3Rjtq0sO3StMV/+3w3MyyqQ==}
    engines: {node: '>=18'}
    cpu: [x64]
    os: [darwin]

  '@esbuild/freebsd-arm64@0.21.5':
    resolution: {integrity: sha512-5JcRxxRDUJLX8JXp/wcBCy3pENnCgBR9bN6JsY4OmhfUtIHe3ZW0mawA7+RDAcMLrMIZaf03NlQiX9DGyB8h4g==}
    engines: {node: '>=12'}
    cpu: [arm64]
    os: [freebsd]

  '@esbuild/freebsd-arm64@0.27.7':
    resolution: {integrity: sha512-B48PqeCsEgOtzME2GbNM2roU29AMTuOIN91dsMO30t+Ydis3z/3Ngoj5hhnsOSSwNzS+6JppqWsuhTp6E82l2w==}
    engines: {node: '>=18'}
    cpu: [arm64]
    os: [freebsd]

  '@esbuild/freebsd-x64@0.21.5':
    resolution: {integrity: sha512-J95kNBj1zkbMXtHVH29bBriQygMXqoVQOQYA+ISs0/2l3T9/kj42ow2mpqerRBxDJnmkUDCaQT/dfNXWX/ZZCQ==}
    engines: {node: '>=12'}
    cpu: [x64]
    os: [freebsd]

  '@esbuild/freebsd-x64@0.27.7':
    resolution: {integrity: sha512-jOBDK5XEjA4m5IJK3bpAQF9/Lelu/Z9ZcdhTRLf4cajlB+8VEhFFRjWgfy3M1O4rO2GQ/b2dLwCUGpiF/eATNQ==}
    engines: {node: '>=18'}
    cpu: [x64]
    os: [freebsd]

  '@esbuild/linux-arm64@0.21.5':
    resolution: {integrity: sha512-ibKvmyYzKsBeX8d8I7MH/TMfWDXBF3db4qM6sy+7re0YXya+K1cem3on9XgdT2EQGMu4hQyZhan7TeQ8XkGp4Q==}
    engines: {node: '>=12'}
    cpu: [arm64]
    os: [linux]

  '@esbuild/linux-arm64@0.27.7':
    resolution: {integrity: sha512-RZPHBoxXuNnPQO9rvjh5jdkRmVizktkT7TCDkDmQ0W2SwHInKCAV95GRuvdSvA7w4VMwfCjUiPwDi0ZO6Nfe9A==}
    engines: {node: '>=18'}
    cpu: [arm64]
    os: [linux]

  '@esbuild/linux-arm@0.21.5':
    resolution: {integrity: sha512-bPb5AHZtbeNGjCKVZ9UGqGwo8EUu4cLq68E95A53KlxAPRmUyYv2D6F0uUI65XisGOL1hBP5mTronbgo+0bFcA==}
    engines: {node: '>=12'}
    cpu: [arm]
    os: [linux]

  '@esbuild/linux-arm@0.27.7':
    resolution: {integrity: sha512-RkT/YXYBTSULo3+af8Ib0ykH8u2MBh57o7q/DAs3lTJlyVQkgQvlrPTnjIzzRPQyavxtPtfg0EopvDyIt0j1rA==}
    engines: {node: '>=18'}
    cpu: [arm]
    os: [linux]

  '@esbuild/linux-ia32@0.21.5':
    resolution: {integrity: sha512-YvjXDqLRqPDl2dvRODYmmhz4rPeVKYvppfGYKSNGdyZkA01046pLWyRKKI3ax8fbJoK5QbxblURkwK/MWY18Tg==}
    engines: {node: '>=12'}
    cpu: [ia32]
    os: [linux]

  '@esbuild/linux-ia32@0.27.7':
    resolution: {integrity: sha512-GA48aKNkyQDbd3KtkplYWT102C5sn/EZTY4XROkxONgruHPU72l+gW+FfF8tf2cFjeHaRbWpOYa/uRBz/Xq1Pg==}
    engines: {node: '>=18'}
    cpu: [ia32]
    os: [linux]

  '@esbuild/linux-loong64@0.21.5':
    resolution: {integrity: sha512-uHf1BmMG8qEvzdrzAqg2SIG/02+4/DHB6a9Kbya0XDvwDEKCoC8ZRWI5JJvNdUjtciBGFQ5PuBlpEOXQj+JQSg==}
    engines: {node: '>=12'}
    cpu: [loong64]
    os: [linux]

  '@esbuild/linux-loong64@0.27.7':
    resolution: {integrity: sha512-a4POruNM2oWsD4WKvBSEKGIiWQF8fZOAsycHOt6JBpZ+JN2n2JH9WAv56SOyu9X5IqAjqSIPTaJkqN8F7XOQ5Q==}
    engines: {node: '>=18'}
    cpu: [loong64]
    os: [linux]

  '@esbuild/linux-mips64el@0.21.5':
    resolution: {integrity: sha512-IajOmO+KJK23bj52dFSNCMsz1QP1DqM6cwLUv3W1QwyxkyIWecfafnI555fvSGqEKwjMXVLokcV5ygHW5b3Jbg==}
    engines: {node: '>=12'}
    cpu: [mips64el]
    os: [linux]

  '@esbuild/linux-mips64el@0.27.7':
    resolution: {integrity: sha512-KabT5I6StirGfIz0FMgl1I+R1H73Gp0ofL9A3nG3i/cYFJzKHhouBV5VWK1CSgKvVaG4q1RNpCTR2LuTVB3fIw==}
    engines: {node: '>=18'}
    cpu: [mips64el]
    os: [linux]

  '@esbuild/linux-ppc64@0.21.5':
    resolution: {integrity: sha512-1hHV/Z4OEfMwpLO8rp7CvlhBDnjsC3CttJXIhBi+5Aj5r+MBvy4egg7wCbe//hSsT+RvDAG7s81tAvpL2XAE4w==}
    engines: {node: '>=12'}
    cpu: [ppc64]
    os: [linux]

  '@esbuild/linux-ppc64@0.27.7':
    resolution: {integrity: sha512-gRsL4x6wsGHGRqhtI+ifpN/vpOFTQtnbsupUF5R5YTAg+y/lKelYR1hXbnBdzDjGbMYjVJLJTd2OFmMewAgwlQ==}
    engines: {node: '>=18'}
    cpu: [ppc64]
    os: [linux]

  '@esbuild/linux-riscv64@0.21.5':
    resolution: {integrity: sha512-2HdXDMd9GMgTGrPWnJzP2ALSokE/0O5HhTUvWIbD3YdjME8JwvSCnNGBnTThKGEB91OZhzrJ4qIIxk/SBmyDDA==}
    engines: {node: '>=12'}
    cpu: [riscv64]
    os: [linux]

  '@esbuild/linux-riscv64@0.27.7':
    resolution: {integrity: sha512-hL25LbxO1QOngGzu2U5xeXtxXcW+/GvMN3ejANqXkxZ/opySAZMrc+9LY/WyjAan41unrR3YrmtTsUpwT66InQ==}
    engines: {node: '>=18'}
    cpu: [riscv64]
    os: [linux]

  '@esbuild/linux-s390x@0.21.5':
    resolution: {integrity: sha512-zus5sxzqBJD3eXxwvjN1yQkRepANgxE9lgOW2qLnmr8ikMTphkjgXu1HR01K4FJg8h1kEEDAqDcZQtbrRnB41A==}
    engines: {node: '>=12'}
    cpu: [s390x]
    os: [linux]

  '@esbuild/linux-s390x@0.27.7':
    resolution: {integrity: sha512-2k8go8Ycu1Kb46vEelhu1vqEP+UeRVj2zY1pSuPdgvbd5ykAw82Lrro28vXUrRmzEsUV0NzCf54yARIK8r0fdw==}
    engines: {node: '>=18'}
    cpu: [s390x]
    os: [linux]

  '@esbuild/linux-x64@0.21.5':
    resolution: {integrity: sha512-1rYdTpyv03iycF1+BhzrzQJCdOuAOtaqHTWJZCWvijKD2N5Xu0TtVC8/+1faWqcP9iBCWOmjmhoH94dH82BxPQ==}
    engines: {node: '>=12'}
    cpu: [x64]
    os: [linux]

  '@esbuild/linux-x64@0.27.7':
    resolution: {integrity: sha512-hzznmADPt+OmsYzw1EE33ccA+HPdIqiCRq7cQeL1Jlq2gb1+OyWBkMCrYGBJ+sxVzve2ZJEVeePbLM2iEIZSxA==}
    engines: {node: '>=18'}
    cpu: [x64]
    os: [linux]

  '@esbuild/netbsd-arm64@0.27.7':
    resolution: {integrity: sha512-b6pqtrQdigZBwZxAn1UpazEisvwaIDvdbMbmrly7cDTMFnw/+3lVxxCTGOrkPVnsYIosJJXAsILG9XcQS+Yu6w==}
    engines: {node: '>=18'}
    cpu: [arm64]
    os: [netbsd]

  '@esbuild/netbsd-x64@0.21.5':
    resolution: {integrity: sha512-Woi2MXzXjMULccIwMnLciyZH4nCIMpWQAs049KEeMvOcNADVxo0UBIQPfSmxB3CWKedngg7sWZdLvLczpe0tLg==}
    engines: {node: '>=12'}
    cpu: [x64]
    os: [netbsd]

  '@esbuild/netbsd-x64@0.27.7':
    resolution: {integrity: sha512-OfatkLojr6U+WN5EDYuoQhtM+1xco+/6FSzJJnuWiUw5eVcicbyK3dq5EeV/QHT1uy6GoDhGbFpprUiHUYggrw==}
    engines: {node: '>=18'}
    cpu: [x64]
    os: [netbsd]

  '@esbuild/openbsd-arm64@0.27.7':
    resolution: {integrity: sha512-AFuojMQTxAz75Fo8idVcqoQWEHIXFRbOc1TrVcFSgCZtQfSdc1RXgB3tjOn/krRHENUB4j00bfGjyl2mJrU37A==}
    engines: {node: '>=18'}
    cpu: [arm64]
    os: [openbsd]

  '@esbuild/openbsd-x64@0.21.5':
    resolution: {integrity: sha512-HLNNw99xsvx12lFBUwoT8EVCsSvRNDVxNpjZ7bPn947b8gJPzeHWyNVhFsaerc0n3TsbOINvRP2byTZ5LKezow==}
    engines: {node: '>=12'}
    cpu: [x64]
    os: [openbsd]

  '@esbuild/openbsd-x64@0.27.7':
    resolution: {integrity: sha512-+A1NJmfM8WNDv5CLVQYJ5PshuRm/4cI6WMZRg1by1GwPIQPCTs1GLEUHwiiQGT5zDdyLiRM/l1G0Pv54gvtKIg==}
    engines: {node: '>=18'}
    cpu: [x64]
    os: [openbsd]

  '@esbuild/openharmony-arm64@0.27.7':
    resolution: {integrity: sha512-+KrvYb/C8zA9CU/g0sR6w2RBw7IGc5J2BPnc3dYc5VJxHCSF1yNMxTV5LQ7GuKteQXZtspjFbiuW5/dOj7H4Yw==}
    engines: {node: '>=18'}
    cpu: [arm64]
    os: [openharmony]

  '@esbuild/sunos-x64@0.21.5':
    resolution: {integrity: sha512-6+gjmFpfy0BHU5Tpptkuh8+uw3mnrvgs+dSPQXQOv3ekbordwnzTVEb4qnIvQcYXq6gzkyTnoZ9dZG+D4garKg==}
    engines: {node: '>=12'}
    cpu: [x64]
    os: [sunos]

  '@esbuild/sunos-x64@0.27.7':
    resolution: {integrity: sha512-ikktIhFBzQNt/QDyOL580ti9+5mL/YZeUPKU2ivGtGjdTYoqz6jObj6nOMfhASpS4GU4Q/Clh1QtxWAvcYKamA==}
    engines: {node: '>=18'}
    cpu: [x64]
    os: [sunos]

  '@esbuild/win32-arm64@0.21.5':
    resolution: {integrity: sha512-Z0gOTd75VvXqyq7nsl93zwahcTROgqvuAcYDUr+vOv8uHhNSKROyU961kgtCD1e95IqPKSQKH7tBTslnS3tA8A==}
    engines: {node: '>=12'}
    cpu: [arm64]
    os: [win32]

  '@esbuild/win32-arm64@0.27.7':
    resolution: {integrity: sha512-7yRhbHvPqSpRUV7Q20VuDwbjW5kIMwTHpptuUzV+AA46kiPze5Z7qgt6CLCK3pWFrHeNfDd1VKgyP4O+ng17CA==}
    engines: {node: '>=18'}
    cpu: [arm64]
    os: [win32]

  '@esbuild/win32-ia32@0.21.5':
    resolution: {integrity: sha512-SWXFF1CL2RVNMaVs+BBClwtfZSvDgtL//G/smwAc5oVK/UPu2Gu9tIaRgFmYFFKrmg3SyAjSrElf0TiJ1v8fYA==}
    engines: {node: '>=12'}
    cpu: [ia32]
    os: [win32]

  '@esbuild/win32-ia32@0.27.7':
    resolution: {integrity: sha512-SmwKXe6VHIyZYbBLJrhOoCJRB/Z1tckzmgTLfFYOfpMAx63BJEaL9ExI8x7v0oAO3Zh6D/Oi1gVxEYr5oUCFhw==}
    engines: {node: '>=18'}
    cpu: [ia32]
    os: [win32]

  '@esbuild/win32-x64@0.21.5':
    resolution: {integrity: sha512-tQd/1efJuzPC6rCFwEvLtci/xNFcTZknmXs98FYDfGE4wP9ClFV98nyKrzJKVPMhdDnjzLhdUyMX4PsQAPjwIw==}
    engines: {node: '>=12'}
    cpu: [x64]
    os: [win32]

  '@esbuild/win32-x64@0.27.7':
    resolution: {integrity: sha512-56hiAJPhwQ1R4i+21FVF7V8kSD5zZTdHcVuRFMW0hn753vVfQN8xlx4uOPT4xoGH0Z/oVATuR82AiqSTDIpaHg==}
    engines: {node: '>=18'}
    cpu: [x64]
    os: [win32]

  '@rollup/rollup-android-arm-eabi@4.60.2':
    resolution: {integrity: sha512-dnlp69efPPg6Uaw2dVqzWRfAWRnYVb1XJ8CyyhIbZeaq4CA5/mLeZ1IEt9QqQxmbdvagjLIm2ZL8BxXv5lH4Yw==}
    cpu: [arm]
    os: [android]

  '@rollup/rollup-android-arm64@4.60.2':
    resolution: {integrity: sha512-OqZTwDRDchGRHHm/hwLOL7uVPB9aUvI0am/eQuWMNyFHf5PSEQmyEeYYheA0EPPKUO/l0uigCp+iaTjoLjVoHg==}
    cpu: [arm64]
    os: [android]

  '@rollup/rollup-darwin-arm64@4.60.2':
    resolution: {integrity: sha512-UwRE7CGpvSVEQS8gUMBe1uADWjNnVgP3Iusyda1nSRwNDCsRjnGc7w6El6WLQsXmZTbLZx9cecegumcitNfpmA==}
    cpu: [arm64]
    os: [darwin]

  '@rollup/rollup-darwin-x64@4.60.2':
    resolution: {integrity: sha512-gjEtURKLCC5VXm1I+2i1u9OhxFsKAQJKTVB8WvDAHF+oZlq0GTVFOlTlO1q3AlCTE/DF32c16ESvfgqR7343/g==}
    cpu: [x64]
    os: [darwin]

  '@rollup/rollup-freebsd-arm64@4.60.2':
    resolution: {integrity: sha512-Bcl6CYDeAgE70cqZaMojOi/eK63h5Me97ZqAQoh77VPjMysA/4ORQBRGo3rRy45x4MzVlU9uZxs8Uwy7ZaKnBw==}
    cpu: [arm64]
    os: [freebsd]

  '@rollup/rollup-freebsd-x64@4.60.2':
    resolution: {integrity: sha512-LU+TPda3mAE2QB0/Hp5VyeKJivpC6+tlOXd1VMoXV/YFMvk/MNk5iXeBfB4MQGRWyOYVJ01625vjkr0Az98OJQ==}
    cpu: [x64]
    os: [freebsd]

  '@rollup/rollup-linux-arm-gnueabihf@4.60.2':
    resolution: {integrity: sha512-2QxQrM+KQ7DAW4o22j+XZ6RKdxjLD7BOWTP0Bv0tmjdyhXSsr2Ul1oJDQqh9Zf5qOwTuTc7Ek83mOFaKnodPjg==}
    cpu: [arm]
    os: [linux]
    libc: [glibc]

  '@rollup/rollup-linux-arm-musleabihf@4.60.2':
    resolution: {integrity: sha512-TbziEu2DVsTEOPif2mKWkMeDMLoYjx95oESa9fkQQK7r/Orta0gnkcDpzwufEcAO2BLBsD7mZkXGFqEdMRRwfw==}
    cpu: [arm]
    os: [linux]
    libc: [musl]

  '@rollup/rollup-linux-arm64-gnu@4.60.2':
    resolution: {integrity: sha512-bO/rVDiDUuM2YfuCUwZ1t1cP+/yqjqz+Xf2VtkdppefuOFS2OSeAfgafaHNkFn0t02hEyXngZkxtGqXcXwO8Rg==}
    cpu: [arm64]
    os: [linux]
    libc: [glibc]

  '@rollup/rollup-linux-arm64-musl@4.60.2':
    resolution: {integrity: sha512-hr26p7e93Rl0Za+JwW7EAnwAvKkehh12BU1Llm9Ykiibg4uIr2rbpxG9WCf56GuvidlTG9KiiQT/TXT1yAWxTA==}
    cpu: [arm64]
    os: [linux]
    libc: [musl]

  '@rollup/rollup-linux-loong64-gnu@4.60.2':
    resolution: {integrity: sha512-pOjB/uSIyDt+ow3k/RcLvUAOGpysT2phDn7TTUB3n75SlIgZzM6NKAqlErPhoFU+npgY3/n+2HYIQVbF70P9/A==}
    cpu: [loong64]
    os: [linux]
    libc: [glibc]

  '@rollup/rollup-linux-loong64-musl@4.60.2':
    resolution: {integrity: sha512-2/w+q8jszv9Ww1c+6uJT3OwqhdmGP2/4T17cu8WuwyUuuaCDDJ2ojdyYwZzCxx0GcsZBhzi3HmH+J5pZNXnd+Q==}
    cpu: [loong64]
    os: [linux]
    libc: [musl]

  '@rollup/rollup-linux-ppc64-gnu@4.60.2':
    resolution: {integrity: sha512-11+aL5vKheYgczxtPVVRhdptAM2H7fcDR5Gw4/bTcteuZBlH4oP9f5s9zYO9aGZvoGeBpqXI/9TZZihZ609wKw==}
    cpu: [ppc64]
    os: [linux]
    libc: [glibc]

  '@rollup/rollup-linux-ppc64-musl@4.60.2':
    resolution: {integrity: sha512-i16fokAGK46IVZuV8LIIwMdtqhin9hfYkCh8pf8iC3QU3LpwL+1FSFGej+O7l3E/AoknL6Dclh2oTdnRMpTzFQ==}
    cpu: [ppc64]
    os: [linux]
    libc: [musl]

  '@rollup/rollup-linux-riscv64-gnu@4.60.2':
    resolution: {integrity: sha512-49FkKS6RGQoriDSK/6E2GkAsAuU5kETFCh7pG4yD/ylj9rKhTmO3elsnmBvRD4PgJPds5W2PkhC82aVwmUcJ7A==}
    cpu: [riscv64]
    os: [linux]
    libc: [glibc]

  '@rollup/rollup-linux-riscv64-musl@4.60.2':
    resolution: {integrity: sha512-mjYNkHPfGpUR00DuM1ZZIgs64Hpf4bWcz9Z41+4Q+pgDx73UwWdAYyf6EG/lRFldmdHHzgrYyge5akFUW0D3mQ==}
    cpu: [riscv64]
    os: [linux]
    libc: [musl]

  '@rollup/rollup-linux-s390x-gnu@4.60.2':
    resolution: {integrity: sha512-ALyvJz965BQk8E9Al/JDKKDLH2kfKFLTGMlgkAbbYtZuJt9LU8DW3ZoDMCtQpXAltZxwBHevXz5u+gf0yA0YoA==}
    cpu: [s390x]
    os: [linux]
    libc: [glibc]

  '@rollup/rollup-linux-x64-gnu@4.60.2':
    resolution: {integrity: sha512-UQjrkIdWrKI626Du8lCQ6MJp/6V1LAo2bOK9OTu4mSn8GGXIkPXk/Vsp4bLHCd9Z9Iz2OTEaokUE90VweJgIYQ==}
    cpu: [x64]
    os: [linux]
    libc: [glibc]

  '@rollup/rollup-linux-x64-musl@4.60.2':
    resolution: {integrity: sha512-bTsRGj6VlSdn/XD4CGyzMnzaBs9bsRxy79eTqTCBsA8TMIEky7qg48aPkvJvFe1HyzQ5oMZdg7AnVlWQSKLTnw==}
    cpu: [x64]
    os: [linux]
    libc: [musl]

  '@rollup/rollup-openbsd-x64@4.60.2':
    resolution: {integrity: sha512-6d4Z3534xitaA1FcMWP7mQPq5zGwBmGbhphh2DwaA1aNIXUu3KTOfwrWpbwI4/Gr0uANo7NTtaykFyO2hPuFLg==}
    cpu: [x64]
    os: [openbsd]

  '@rollup/rollup-openharmony-arm64@4.60.2':
    resolution: {integrity: sha512-NetAg5iO2uN7eB8zE5qrZ3CSil+7IJt4WDFLcC75Ymywq1VZVD6qJ6EvNLjZ3rEm6gB7XW5JdT60c6MN35Z85Q==}
    cpu: [arm64]
    os: [openharmony]

  '@rollup/rollup-win32-arm64-msvc@4.60.2':
    resolution: {integrity: sha512-NCYhOotpgWZ5kdxCZsv6Iudx0wX8980Q/oW4pNFNihpBKsDbEA1zpkfxJGC0yugsUuyDZ7gL37dbzwhR0VI7pQ==}
    cpu: [arm64]
    os: [win32]

  '@rollup/rollup-win32-ia32-msvc@4.60.2':
    resolution: {integrity: sha512-RXsaOqXxfoUBQoOgvmmijVxJnW2IGB0eoMO7F8FAjaj0UTywUO/luSqimWBJn04WNgUkeNhh7fs7pESXajWmkg==}
    cpu: [ia32]
    os: [win32]

  '@rollup/rollup-win32-x64-gnu@4.60.2':
    resolution: {integrity: sha512-qdAzEULD+/hzObedtmV6iBpdL5TIbKVztGiK7O3/KYSf+HIzU257+MX1EXJcyIiDbMAqmbwaufcYPvyRryeZtA==}
    cpu: [x64]
    os: [win32]

  '@rollup/rollup-win32-x64-msvc@4.60.2':
    resolution: {integrity: sha512-Nd/SgG27WoA9e+/TdK74KnHz852TLa94ovOYySo/yMPuTmpckK/jIF2jSwS3g7ELSKXK13/cVdmg1Z/DaCWKxA==}
    cpu: [x64]
    os: [win32]

  '@turbo/darwin-64@2.9.7':
    resolution: {integrity: sha512-wnvOWuVWJ5EUHNKxExEWiGlTeVpLG1L0PCu5MUozyC1P2SHGiWsmpW6/yAuShH91Fa2TAHOvdCRBzriZh4j4Eg==}
    cpu: [x64]
    os: [darwin]

  '@turbo/darwin-arm64@2.9.7':
    resolution: {integrity: sha512-mA0FIPMwwN3lodDkQYaGxj6PeT7ZaN5aCEbkKn/WB+ZB9yJdVWA4J83GH7t43jqDc5dcnVluVN5UFx3plRiXhA==}
    cpu: [arm64]
    os: [darwin]

  '@turbo/linux-64@2.9.7':
    resolution: {integrity: sha512-fEbUYpgb5l7P+q+5tsWF2gw+/GSjUsuUTcnfm+f0lozUjgcjLKyOat6PgtAChmIFcTPchCL/8rJ3TvkBy01gfA==}
    cpu: [x64]
    os: [linux]

  '@turbo/linux-arm64@2.9.7':
    resolution: {integrity: sha512-VkUjulo9ytfHKUHOS5gy0XPoh4CTKPXWCL8nLdrlHVi9fSut31ECeUqnm/dAbETP5D4xo9mH9XkJ+qMzGe/zmg==}
    cpu: [arm64]
    os: [linux]

  '@turbo/windows-64@2.9.7':
    resolution: {integrity: sha512-/GWdY6/x4aIHqkYJq596Rpdk1x0MkpRPkJcLAoB3yGRwyUms0+u2F1GnV54IbyAZTeKLRWSJKzNC+QwVGdYchA==}
    cpu: [x64]
    os: [win32]

  '@turbo/windows-arm64@2.9.7':
    resolution: {integrity: sha512-xBBgxCC5PK2+WZ1PPRZdp+aJ0bMBcEbweXWux3RUHJvX9ZodcoQySkrW6qt+ahb+uk8ZjyQodLfDwtVSoYds1w==}
    cpu: [arm64]
    os: [win32]

  '@types/estree@1.0.8':
    resolution: {integrity: sha512-dWHzHa2WqEXI/O1E9OjrocMTKJl2mSrEolh1Iomrv6U+JuNwaHXsXx9bLu5gG7BUWFIN0skIQJQ/L1rIex4X6w==}

  '@zeroopensource/zero-cli@0.0.6':
    resolution: {integrity: sha512-bb4uuGXvd/I7x70XJOO45aXss7yvXD/s8rdLQGfC/6j/i/JN5A3hjrVTMVsOxIUYCaNnwHMdb9GxjU27VYcPdQ==}
    hasBin: true

  '@zeroopensource/zero-id@0.0.6':
    resolution: {integrity: sha512-/ynEme+wJ6F+NvPeL6MPxCN+X6h4gRx+agsnplPDHOJCuCIpRnEvS+C57bJFwjwt4RvNfEfoOetM3diX1RYUrg==}

  '@zeroopensource/zero-official@0.0.3':
    resolution: {integrity: sha512-3oqWIjtRQWA1CMeWyQLFQnhrhQK5XS7WuWofkzPti4RcVNyxOKpshQmJamAojbaHOMO1ptbt4BR9XUn7Kr0XbA==}
    hasBin: true

  balanced-match@4.0.4:
    resolution: {integrity: sha512-BLrgEcRTwX2o6gGxGOCNyMvGSp35YofuYzw9h1IMTRmKqttAZZVU67bdb9Pr2vUHA8+j3i2tJfjO6C6+4myGTA==}
    engines: {node: 18 || 20 || >=22}

  brace-expansion@5.0.5:
    resolution: {integrity: sha512-VZznLgtwhn+Mact9tfiwx64fA9erHH/MCXEUfB/0bX/6Fz6ny5EGTXYltMocqg4xFAQZtnO3DHWWXi8RiuN7cQ==}
    engines: {node: 18 || 20 || >=22}

  citty@0.2.2:
    resolution: {integrity: sha512-+6vJA3L98yv+IdfKGZHBNiGW5KHn22e/JwID0Strsz8h4S/csAu/OuICwxrg44k5MRiZHWIo8XXuJgQTriRP4w==}

  commander@10.0.1:
    resolution: {integrity: sha512-y4Mg2tXshplEbSGzx7amzPwKKOCGuoSRP/CjEdwwk0FOGlUbq6lKuoyDZTNZkmxHdJtp54hdfY/JUrdL7Xfdug==}
    engines: {node: '>=14'}

  commander@14.0.3:
    resolution: {integrity: sha512-H+y0Jo/T1RZ9qPP4Eh1pkcQcLRglraJaSLoyOtHxu6AapkjWVCy2Sit1QQ4x3Dng8qDlSsZEet7g5Pq06MvTgw==}
    engines: {node: '>=20'}

  date-fns@4.1.0:
    resolution: {integrity: sha512-Ukq0owbQXxa/U3EGtsdVBkR1w7KOQ5gIBqdH2hkvknzZPYvBxb/aa6E8L7tmjFtkwZBu3UXBbjIgPo/Ez4xaNg==}

  deepmerge@4.3.1:
    resolution: {integrity: sha512-3sUqbMEc77XqpdNO7FRyRog+eW3ph+GYCbj+rK+uYyRMuwsVy0rMiVtPn+QJlKFvWP/1PYpapqYn0Me2knFn+A==}
    engines: {node: '>=0.10.0'}

  esbuild@0.21.5:
    resolution: {integrity: sha512-mg3OPMV4hXywwpoDxu3Qda5xCKQi+vCTZq8S9J/EpkhB2HzKXq4SNFZE3+NK93JYxc8VMSep+lOUSC/RVKaBqw==}
    engines: {node: '>=12'}
    hasBin: true

  esbuild@0.27.7:
    resolution: {integrity: sha512-IxpibTjyVnmrIQo5aqNpCgoACA/dTKLTlhMHihVHhdkxKyPO1uBBthumT0rdHmcsk9uMonIWS0m4FljWzILh3w==}
    engines: {node: '>=18'}
    hasBin: true

  fast-string-truncated-width@3.0.3:
    resolution: {integrity: sha512-0jjjIEL6+0jag3l2XWWizO64/aZVtpiGE3t0Zgqxv0DPuxiMjvB3M24fCyhZUO4KomJQPj3LTSUnDP3GpdwC0g==}

  fast-string-width@3.0.2:
    resolution: {integrity: sha512-gX8LrtNEI5hq8DVUfRQMbr5lpaS4nMIWV+7XEbXk2b8kiQIizgnlr12B4dA3ZEx3308ze0O4Q1R+cHts8kyUJg==}

  fast-wrap-ansi@0.2.0:
    resolution: {integrity: sha512-rLV8JHxTyhVmFYhBJuMujcrHqOT2cnO5Zxj37qROj23CP39GXubJRBUFF0z8KFK77Uc0SukZUf7JZhsVEQ6n8w==}

  fsevents@2.3.3:
    resolution: {integrity: sha512-5xoDfX+fL7faATnagmWPpbFtwh/R77WmMMqqHGS65C3vvB0YHrgF+B1YmZ3441tMj5n63k0212XNoJwzlhffQw==}
    engines: {node: ^8.16.0 || ^10.6.0 || >=11.0.0}
    os: [darwin]

  function-bind@1.1.2:
    resolution: {integrity: sha512-7XHNxH7qX9xG5mIwxkhumTox/MIRNcOgDrxWsMt2pAr23WHp6MrRlN7FBSFpCpr+oVO0F744iUgR82nJMfG2SA==}

  get-tsconfig@4.14.0:
    resolution: {integrity: sha512-yTb+8DXzDREzgvYmh6s9vHsSVCHeC0G3PI5bEXNBHtmshPnO+S5O7qgLEOn0I5QvMy6kpZN8K1NKGyilLb93wA==}

  glob@13.0.6:
    resolution: {integrity: sha512-Wjlyrolmm8uDpm/ogGyXZXb1Z+Ca2B8NbJwqBVg0axK9GbBeoS7yGV6vjXnYdGm6X53iehEuxxbyiKp8QmN4Vw==}
    engines: {node: 18 || 20 || >=22}

  hasown@2.0.3:
    resolution: {integrity: sha512-ej4AhfhfL2Q2zpMmLo7U1Uv9+PyhIZpgQLGT1F9miIGmiCJIoCgSmczFdrc97mWT4kVY72KA+WnnhJ5pghSvSg==}
    engines: {node: '>= 0.4'}

  is-core-module@2.16.1:
    resolution: {integrity: sha512-UfoeMA6fIJ8wTYFEUjelnaGI67v6+N7qXJEvQuIGa99l4xsCruSYOVSQ0uPANn4dAzm8lkYPaKLrrijLq7x23w==}
    engines: {node: '>= 0.4'}

  jsonc-parser@3.3.1:
    resolution: {integrity: sha512-HUgH65KyejrUFPvHFPbqOY0rsFip3Bo5wb4ngvdi1EpCYWUQDC5V+Y7mZws+DLkr4M//zQJoanu1SP+87Dv1oQ==}

  lru-cache@11.3.5:
    resolution: {integrity: sha512-NxVFwLAnrd9i7KUBxC4DrUhmgjzOs+1Qm50D3oF1/oL+r1NpZ4gA7xvG0/zJ8evR7zIKn4vLf7qTNduWFtCrRw==}
    engines: {node: 20 || >=22}

  minimatch@10.2.5:
    resolution: {integrity: sha512-MULkVLfKGYDFYejP07QOurDLLQpcjk7Fw+7jXS2R2czRQzR56yHRveU5NDJEOviH+hETZKSkIk5c+T23GjFUMg==}
    engines: {node: 18 || 20 || >=22}

  minipass@7.1.3:
    resolution: {integrity: sha512-tEBHqDnIoM/1rXME1zgka9g6Q2lcoCkxHLuc7ODJ5BxbP5d4c2Z5cGgtXAku59200Cx7diuHTOYfSBD8n6mm8A==}
    engines: {node: '>=16 || 14 >=14.17'}

  nanoid@3.3.12:
    resolution: {integrity: sha512-ZB9RH/39qpq5Vu6Y+NmUaFhQR6pp+M2Xt76XBnEwDaGcVAqhlvxrl3B2bKS5D3NH3QR76v3aSrKaF/Kiy7lEtQ==}
    engines: {node: ^10 || ^12 || ^13.7 || ^14 || >=15.0.1}
    hasBin: true

  nanoid@5.1.7:
    resolution: {integrity: sha512-ua3NDgISf6jdwezAheMOk4mbE1LXjm1DfMUDMuJf4AqxLFK3ccGpgWizwa5YV7Yz9EpXwEaWoRXSb/BnV0t5dQ==}
    engines: {node: ^18 || >=20}
    hasBin: true

  nypm@0.6.6:
    resolution: {integrity: sha512-vRyr0r4cbBapw07Xw8xrj9Teq3o7MUD35rSaTcanDbW+aK2XHDgJFiU6ZTj2GBw7Q12ysdsyFss+Vdz4hQ0Y6Q==}
    engines: {node: '>=18'}
    hasBin: true

  path-parse@1.0.7:
    resolution: {integrity: sha512-LDJzPVEEEPR+y48z93A0Ed0yXb8pAByGWo/k5YYdYgpY2/2EsOsksJrq7lOHxryrVOn1ejG6oAp8ahvOIQD8sw==}

  path-scurry@2.0.2:
    resolution: {integrity: sha512-3O/iVVsJAPsOnpwWIeD+d6z/7PmqApyQePUtCndjatj/9I5LylHvt5qluFaBT3I5h3r1ejfR056c+FCv+NnNXg==}
    engines: {node: 18 || 20 || >=22}

  pathe@2.0.3:
    resolution: {integrity: sha512-WUjGcAqP1gQacoQe+OBJsFA7Ld4DyXuUIjZ5cc75cLHvJ7dtNsTugphxIADwspS+AraAUePCKrSVtPLFj/F88w==}

  picocolors@1.1.1:
    resolution: {integrity: sha512-xceH2snhtb5M9liqDsmEw56le376mTZkEX/jEb/RxNFyegNul7eNslCXP9FDj/Lcu0X8KEyMceP2ntpaHrDEVA==}

  postcss@8.5.13:
    resolution: {integrity: sha512-qif0+jGGZoLWdHey3UFHHWP0H7Gbmsk8T5VEqyYFbWqPr1XqvLGBbk/sl8V5exGmcYJklJOhOQq1pV9IcsiFag==}
    engines: {node: ^10 || ^12 || >=14}

  resolve-pkg-maps@1.0.0:
    resolution: {integrity: sha512-seS2Tj26TBVOC2NIc2rOe2y2ZO7efxITtLZcGSOnHHNOQ7CkiUBfw0Iw2ck6xkIhPwLhKNLS8BO+hEpngQlqzw==}

  resolve@1.22.10:
    resolution: {integrity: sha512-NPRy+/ncIMeDlTAsuqwKIiferiawhefFJtkNSW0qZJEqMEb+qBt/77B/jGeeek+F0uOeN05CDa6HXbbIgtVX4w==}
    engines: {node: '>= 0.4'}
    hasBin: true

  rollup@4.60.2:
    resolution: {integrity: sha512-J9qZyW++QK/09NyN/zeO0dG/1GdGfyp9lV8ajHnRVLfo/uFsbji5mHnDgn/qYdUHyCkM2N+8VyspgZclfAh0eQ==}
    engines: {node: '>=18.0.0', npm: '>=8.0.0'}
    hasBin: true

  sisteransi@1.0.5:
    resolution: {integrity: sha512-bLGGlR1QxBcynn2d5YmDX4MGjlZvy2MRBDRNHLJ8VI6l6+9FUiyTFNJ0IveOSP0bcXgVDPRcfGqA0pjaqUpfVg==}

  source-map-js@1.2.1:
    resolution: {integrity: sha512-UXWMKhLOwVKb728IUtQPXxfYU+usdybtUrK/8uGE8CQMvrhOpwvzDBwj0QhSL7MQc7vIsISBG8VQ8+IDQxpfQA==}
    engines: {node: '>=0.10.0'}

  supports-preserve-symlinks-flag@1.0.0:
    resolution: {integrity: sha512-ot0WnXS9fgdkgIcePe6RHNk1WA8+muPa6cSjeR3V8K27q9BB1rTE3R1p7Hv0z1ZyAc8s6Vvv8DIyWf681MAt0w==}
    engines: {node: '>= 0.4'}

  tinyexec@1.1.2:
    resolution: {integrity: sha512-dAqSqE/RabpBKI8+h26GfLq6Vb3JVXs30XYQjdMjaj/c2tS8IYYMbIzP599KtRj7c57/wYApb3QjgRgXmrCukA==}
    engines: {node: '>=18'}

  tsx@4.21.0:
    resolution: {integrity: sha512-5C1sg4USs1lfG0GFb2RLXsdpXqBSEhAaA/0kPL01wxzpMqLILNxIxIOKiILz+cdg/pLnOUxFYOR5yhHU666wbw==}
    engines: {node: '>=18.0.0'}
    hasBin: true

  turbo@2.9.7:
    resolution: {integrity: sha512-epxzqVO2s0IxcSWcgb+qKrtco8isfe7g3VtiS6hkYnEK4A9XQDZbrtavQ6MtWR1KoQn+1fUomaQth2rfRHlUlg==}
    hasBin: true

  ultracite@7.2.3:
    resolution: {integrity: sha512-WKNS2sKAZe4BHu+JGbZebXvy/A1QagDaBnndrK/zwOJAze/mQ8jeHfdG2bPlv3qcJ5fdS3w2Kd7c/eIcH78HvA==}
    hasBin: true
    peerDependencies:
      oxlint: ^1.0.0
    peerDependenciesMeta:
      oxlint:
        optional: true

  vite@5.4.21:
    resolution: {integrity: sha512-o5a9xKjbtuhY6Bi5S3+HvbRERmouabWbyUcpXXUA1u+GNUKoROi9byOJ8M0nHbHYHkYICiMlqxkg1KkYmm25Sw==}
    engines: {node: ^18.0.0 || >=20.0.0}
    hasBin: true
    peerDependencies:
      '@types/node': ^18.0.0 || >=20.0.0
      less: '*'
      lightningcss: ^1.21.0
      sass: '*'
      sass-embedded: '*'
      stylus: '*'
      sugarss: '*'
      terser: ^5.4.0
    peerDependenciesMeta:
      '@types/node':
        optional: true
      less:
        optional: true
      lightningcss:
        optional: true
      sass:
        optional: true
      sass-embedded:
        optional: true
      stylus:
        optional: true
      sugarss:
        optional: true
      terser:
        optional: true

snapshots:

  '@biomejs/biome@2.4.2':
    optionalDependencies:
      '@biomejs/cli-darwin-arm64': 2.4.2
      '@biomejs/cli-darwin-x64': 2.4.2
      '@biomejs/cli-linux-arm64': 2.4.2
      '@biomejs/cli-linux-arm64-musl': 2.4.2
      '@biomejs/cli-linux-x64': 2.4.2
      '@biomejs/cli-linux-x64-musl': 2.4.2
      '@biomejs/cli-win32-arm64': 2.4.2
      '@biomejs/cli-win32-x64': 2.4.2

  '@biomejs/cli-darwin-arm64@2.4.2':
    optional: true

  '@biomejs/cli-darwin-x64@2.4.2':
    optional: true

  '@biomejs/cli-linux-arm64-musl@2.4.2':
    optional: true

  '@biomejs/cli-linux-arm64@2.4.2':
    optional: true

  '@biomejs/cli-linux-x64-musl@2.4.2':
    optional: true

  '@biomejs/cli-linux-x64@2.4.2':
    optional: true

  '@biomejs/cli-win32-arm64@2.4.2':
    optional: true

  '@biomejs/cli-win32-x64@2.4.2':
    optional: true

  '@clack/core@1.3.0':
    dependencies:
      fast-wrap-ansi: 0.2.0
      sisteransi: 1.0.5

  '@clack/prompts@1.3.0':
    dependencies:
      '@clack/core': 1.3.0
      fast-string-width: 3.0.2
      fast-wrap-ansi: 0.2.0
      sisteransi: 1.0.5

  '@esbuild/aix-ppc64@0.21.5':
    optional: true

  '@esbuild/aix-ppc64@0.27.7':
    optional: true

  '@esbuild/android-arm64@0.21.5':
    optional: true

  '@esbuild/android-arm64@0.27.7':
    optional: true

  '@esbuild/android-arm@0.21.5':
    optional: true

  '@esbuild/android-arm@0.27.7':
    optional: true

  '@esbuild/android-x64@0.21.5':
    optional: true

  '@esbuild/android-x64@0.27.7':
    optional: true

  '@esbuild/darwin-arm64@0.21.5':
    optional: true

  '@esbuild/darwin-arm64@0.27.7':
    optional: true

  '@esbuild/darwin-x64@0.21.5':
    optional: true

  '@esbuild/darwin-x64@0.27.7':
    optional: true

  '@esbuild/freebsd-arm64@0.21.5':
    optional: true

  '@esbuild/freebsd-arm64@0.27.7':
    optional: true

  '@esbuild/freebsd-x64@0.21.5':
    optional: true

  '@esbuild/freebsd-x64@0.27.7':
    optional: true

  '@esbuild/linux-arm64@0.21.5':
    optional: true

  '@esbuild/linux-arm64@0.27.7':
    optional: true

  '@esbuild/linux-arm@0.21.5':
    optional: true

  '@esbuild/linux-arm@0.27.7':
    optional: true

  '@esbuild/linux-ia32@0.21.5':
    optional: true

  '@esbuild/linux-ia32@0.27.7':
    optional: true

  '@esbuild/linux-loong64@0.21.5':
    optional: true

  '@esbuild/linux-loong64@0.27.7':
    optional: true

  '@esbuild/linux-mips64el@0.21.5':
    optional: true

  '@esbuild/linux-mips64el@0.27.7':
    optional: true

  '@esbuild/linux-ppc64@0.21.5':
    optional: true

  '@esbuild/linux-ppc64@0.27.7':
    optional: true

  '@esbuild/linux-riscv64@0.21.5':
    optional: true

  '@esbuild/linux-riscv64@0.27.7':
    optional: true

  '@esbuild/linux-s390x@0.21.5':
    optional: true

  '@esbuild/linux-s390x@0.27.7':
    optional: true

  '@esbuild/linux-x64@0.21.5':
    optional: true

  '@esbuild/linux-x64@0.27.7':
    optional: true

  '@esbuild/netbsd-arm64@0.27.7':
    optional: true

  '@esbuild/netbsd-x64@0.21.5':
    optional: true

  '@esbuild/netbsd-x64@0.27.7':
    optional: true

  '@esbuild/openbsd-arm64@0.27.7':
    optional: true

  '@esbuild/openbsd-x64@0.21.5':
    optional: true

  '@esbuild/openbsd-x64@0.27.7':
    optional: true

  '@esbuild/openharmony-arm64@0.27.7':
    optional: true

  '@esbuild/sunos-x64@0.21.5':
    optional: true

  '@esbuild/sunos-x64@0.27.7':
    optional: true

  '@esbuild/win32-arm64@0.21.5':
    optional: true

  '@esbuild/win32-arm64@0.27.7':
    optional: true

  '@esbuild/win32-ia32@0.21.5':
    optional: true

  '@esbuild/win32-ia32@0.27.7':
    optional: true

  '@esbuild/win32-x64@0.21.5':
    optional: true

  '@esbuild/win32-x64@0.27.7':
    optional: true

  '@rollup/rollup-android-arm-eabi@4.60.2':
    optional: true

  '@rollup/rollup-android-arm64@4.60.2':
    optional: true

  '@rollup/rollup-darwin-arm64@4.60.2':
    optional: true

  '@rollup/rollup-darwin-x64@4.60.2':
    optional: true

  '@rollup/rollup-freebsd-arm64@4.60.2':
    optional: true

  '@rollup/rollup-freebsd-x64@4.60.2':
    optional: true

  '@rollup/rollup-linux-arm-gnueabihf@4.60.2':
    optional: true

  '@rollup/rollup-linux-arm-musleabihf@4.60.2':
    optional: true

  '@rollup/rollup-linux-arm64-gnu@4.60.2':
    optional: true

  '@rollup/rollup-linux-arm64-musl@4.60.2':
    optional: true

  '@rollup/rollup-linux-loong64-gnu@4.60.2':
    optional: true

  '@rollup/rollup-linux-loong64-musl@4.60.2':
    optional: true

  '@rollup/rollup-linux-ppc64-gnu@4.60.2':
    optional: true

  '@rollup/rollup-linux-ppc64-musl@4.60.2':
    optional: true

  '@rollup/rollup-linux-riscv64-gnu@4.60.2':
    optional: true

  '@rollup/rollup-linux-riscv64-musl@4.60.2':
    optional: true

  '@rollup/rollup-linux-s390x-gnu@4.60.2':
    optional: true

  '@rollup/rollup-linux-x64-gnu@4.60.2':
    optional: true

  '@rollup/rollup-linux-x64-musl@4.60.2':
    optional: true

  '@rollup/rollup-openbsd-x64@4.60.2':
    optional: true

  '@rollup/rollup-openharmony-arm64@4.60.2':
    optional: true

  '@rollup/rollup-win32-arm64-msvc@4.60.2':
    optional: true

  '@rollup/rollup-win32-ia32-msvc@4.60.2':
    optional: true

  '@rollup/rollup-win32-x64-gnu@4.60.2':
    optional: true

  '@rollup/rollup-win32-x64-msvc@4.60.2':
    optional: true

  '@turbo/darwin-64@2.9.7':
    optional: true

  '@turbo/darwin-arm64@2.9.7':
    optional: true

  '@turbo/linux-64@2.9.7':
    optional: true

  '@turbo/linux-arm64@2.9.7':
    optional: true

  '@turbo/windows-64@2.9.7':
    optional: true

  '@turbo/windows-arm64@2.9.7':
    optional: true

  '@types/estree@1.0.8': {}

  '@zeroopensource/zero-cli@0.0.6':
    dependencies:
      '@zeroopensource/zero-id': 0.0.6
      '@zeroopensource/zero-official': 0.0.3
      commander: 14.0.3
      resolve: 1.22.10

  '@zeroopensource/zero-id@0.0.6':
    dependencies:
      '@zeroopensource/zero-cli': 0.0.6
      commander: 14.0.3
      date-fns: 4.1.0
      nanoid: 5.1.7
      tsx: 4.21.0

  '@zeroopensource/zero-official@0.0.3':
    dependencies:
      '@zeroopensource/zero-cli': 0.0.6
      commander: 10.0.1

  balanced-match@4.0.4: {}

  brace-expansion@5.0.5:
    dependencies:
      balanced-match: 4.0.4

  citty@0.2.2: {}

  commander@10.0.1: {}

  commander@14.0.3: {}

  date-fns@4.1.0: {}

  deepmerge@4.3.1: {}

  esbuild@0.21.5:
    optionalDependencies:
      '@esbuild/aix-ppc64': 0.21.5
      '@esbuild/android-arm': 0.21.5
      '@esbuild/android-arm64': 0.21.5
      '@esbuild/android-x64': 0.21.5
      '@esbuild/darwin-arm64': 0.21.5
      '@esbuild/darwin-x64': 0.21.5
      '@esbuild/freebsd-arm64': 0.21.5
      '@esbuild/freebsd-x64': 0.21.5
      '@esbuild/linux-arm': 0.21.5
      '@esbuild/linux-arm64': 0.21.5
      '@esbuild/linux-ia32': 0.21.5
      '@esbuild/linux-loong64': 0.21.5
      '@esbuild/linux-mips64el': 0.21.5
      '@esbuild/linux-ppc64': 0.21.5
      '@esbuild/linux-riscv64': 0.21.5
      '@esbuild/linux-s390x': 0.21.5
      '@esbuild/linux-x64': 0.21.5
      '@esbuild/netbsd-x64': 0.21.5
      '@esbuild/openbsd-x64': 0.21.5
      '@esbuild/sunos-x64': 0.21.5
      '@esbuild/win32-arm64': 0.21.5
      '@esbuild/win32-ia32': 0.21.5
      '@esbuild/win32-x64': 0.21.5

  esbuild@0.27.7:
    optionalDependencies:
      '@esbuild/aix-ppc64': 0.27.7
      '@esbuild/android-arm': 0.27.7
      '@esbuild/android-arm64': 0.27.7
      '@esbuild/android-x64': 0.27.7
      '@esbuild/darwin-arm64': 0.27.7
      '@esbuild/darwin-x64': 0.27.7
      '@esbuild/freebsd-arm64': 0.27.7
      '@esbuild/freebsd-x64': 0.27.7
      '@esbuild/linux-arm': 0.27.7
      '@esbuild/linux-arm64': 0.27.7
      '@esbuild/linux-ia32': 0.27.7
      '@esbuild/linux-loong64': 0.27.7
      '@esbuild/linux-mips64el': 0.27.7
      '@esbuild/linux-ppc64': 0.27.7
      '@esbuild/linux-riscv64': 0.27.7
      '@esbuild/linux-s390x': 0.27.7
      '@esbuild/linux-x64': 0.27.7
      '@esbuild/netbsd-arm64': 0.27.7
      '@esbuild/netbsd-x64': 0.27.7
      '@esbuild/openbsd-arm64': 0.27.7
      '@esbuild/openbsd-x64': 0.27.7
      '@esbuild/openharmony-arm64': 0.27.7
      '@esbuild/sunos-x64': 0.27.7
      '@esbuild/win32-arm64': 0.27.7
      '@esbuild/win32-ia32': 0.27.7
      '@esbuild/win32-x64': 0.27.7

  fast-string-truncated-width@3.0.3: {}

  fast-string-width@3.0.2:
    dependencies:
      fast-string-truncated-width: 3.0.3

  fast-wrap-ansi@0.2.0:
    dependencies:
      fast-string-width: 3.0.2

  fsevents@2.3.3:
    optional: true

  function-bind@1.1.2: {}

  get-tsconfig@4.14.0:
    dependencies:
      resolve-pkg-maps: 1.0.0

  glob@13.0.6:
    dependencies:
      minimatch: 10.2.5
      minipass: 7.1.3
      path-scurry: 2.0.2

  hasown@2.0.3:
    dependencies:
      function-bind: 1.1.2

  is-core-module@2.16.1:
    dependencies:
      hasown: 2.0.3

  jsonc-parser@3.3.1: {}

  lru-cache@11.3.5: {}

  minimatch@10.2.5:
    dependencies:
      brace-expansion: 5.0.5

  minipass@7.1.3: {}

  nanoid@3.3.12: {}

  nanoid@5.1.7: {}

  nypm@0.6.6:
    dependencies:
      citty: 0.2.2
      pathe: 2.0.3
      tinyexec: 1.1.2

  path-parse@1.0.7: {}

  path-scurry@2.0.2:
    dependencies:
      lru-cache: 11.3.5
      minipass: 7.1.3

  pathe@2.0.3: {}

  picocolors@1.1.1: {}

  postcss@8.5.13:
    dependencies:
      nanoid: 3.3.12
      picocolors: 1.1.1
      source-map-js: 1.2.1

  resolve-pkg-maps@1.0.0: {}

  resolve@1.22.10:
    dependencies:
      is-core-module: 2.16.1
      path-parse: 1.0.7
      supports-preserve-symlinks-flag: 1.0.0

  rollup@4.60.2:
    dependencies:
      '@types/estree': 1.0.8
    optionalDependencies:
      '@rollup/rollup-android-arm-eabi': 4.60.2
      '@rollup/rollup-android-arm64': 4.60.2
      '@rollup/rollup-darwin-arm64': 4.60.2
      '@rollup/rollup-darwin-x64': 4.60.2
      '@rollup/rollup-freebsd-arm64': 4.60.2
      '@rollup/rollup-freebsd-x64': 4.60.2
      '@rollup/rollup-linux-arm-gnueabihf': 4.60.2
      '@rollup/rollup-linux-arm-musleabihf': 4.60.2
      '@rollup/rollup-linux-arm64-gnu': 4.60.2
      '@rollup/rollup-linux-arm64-musl': 4.60.2
      '@rollup/rollup-linux-loong64-gnu': 4.60.2
      '@rollup/rollup-linux-loong64-musl': 4.60.2
      '@rollup/rollup-linux-ppc64-gnu': 4.60.2
      '@rollup/rollup-linux-ppc64-musl': 4.60.2
      '@rollup/rollup-linux-riscv64-gnu': 4.60.2
      '@rollup/rollup-linux-riscv64-musl': 4.60.2
      '@rollup/rollup-linux-s390x-gnu': 4.60.2
      '@rollup/rollup-linux-x64-gnu': 4.60.2
      '@rollup/rollup-linux-x64-musl': 4.60.2
      '@rollup/rollup-openbsd-x64': 4.60.2
      '@rollup/rollup-openharmony-arm64': 4.60.2
      '@rollup/rollup-win32-arm64-msvc': 4.60.2
      '@rollup/rollup-win32-ia32-msvc': 4.60.2
      '@rollup/rollup-win32-x64-gnu': 4.60.2
      '@rollup/rollup-win32-x64-msvc': 4.60.2
      fsevents: 2.3.3

  sisteransi@1.0.5: {}

  source-map-js@1.2.1: {}

  supports-preserve-symlinks-flag@1.0.0: {}

  tinyexec@1.1.2: {}

  tsx@4.21.0:
    dependencies:
      esbuild: 0.27.7
      get-tsconfig: 4.14.0
    optionalDependencies:
      fsevents: 2.3.3

  turbo@2.9.7:
    optionalDependencies:
      '@turbo/darwin-64': 2.9.7
      '@turbo/darwin-arm64': 2.9.7
      '@turbo/linux-64': 2.9.7
      '@turbo/linux-arm64': 2.9.7
      '@turbo/windows-64': 2.9.7
      '@turbo/windows-arm64': 2.9.7

  ultracite@7.2.3:
    dependencies:
      '@clack/prompts': 1.3.0
      commander: 14.0.3
      deepmerge: 4.3.1
      glob: 13.0.6
      jsonc-parser: 3.3.1
      nypm: 0.6.6

  vite@5.4.21:
    dependencies:
      esbuild: 0.21.5
      postcss: 8.5.13
      rollup: 4.60.2
    optionalDependencies:
      fsevents: 2.3.3
